<?xml version="1.0" encoding="UTF-8"?>
<!DOCTYPE plist PUBLIC "-//Apple//DTD PLIST 1.0//EN" "http://www.apple.com/DTDs/PropertyList-1.0.dtd">
<plist version="1.0">
<dict>
	<key>archiveVersion</key>
	<string>1</string>
	<key>classes</key>
	<dict/>
	<key>objectVersion</key>
	<string>46</string>
	<key>objects</key>
	<dict>
		<key>263187BF198E5C8D00D11111</key>
		<dict>
			<key>fileEncoding</key>
			<string>4</string>
			<key>isa</key>
			<string>PBXFileReference</string>
			<key>lastKnownFileType</key>
			<string>sourcecode.c.h</string>
			<key>path</key>
			<string>PhotoCell.h</string>
			<key>sourceTree</key>
			<string>&lt;group&gt;</string>
		</dict>
		<key>263187C0198E5C8D00D11111</key>
		<dict>
			<key>fileEncoding</key>
			<string>4</string>
			<key>isa</key>
			<string>PBXFileReference</string>
			<key>lastKnownFileType</key>
			<string>sourcecode.c.objc</string>
			<key>path</key>
			<string>PhotoCell.m</string>
			<key>sourceTree</key>
			<string>&lt;group&gt;</string>
		</dict>
		<key>263187C1198E5C8D00D11111</key>
		<dict>
			<key>fileRef</key>
			<string>263187C0198E5C8D00D11111</string>
			<key>isa</key>
			<string>PBXBuildFile</string>
		</dict>
		<key>269248E619856EF400C5FAD0</key>
		<dict>
			<key>children</key>
			<array>
				<string>26EB97BA19A9470E007488EE</string>
				<string>26EE110019A7554700CA0BB2</string>
				<string>2692492119856F5A00C5FAD0</string>
				<string>269248F819856EF400C5FAD0</string>
				<string>2692491119856EF400C5FAD0</string>
				<string>269248F119856EF400C5FAD0</string>
				<string>269248F019856EF400C5FAD0</string>
				<string>CE37472FA34A4C9F8FA3F0C9</string>
			</array>
			<key>isa</key>
			<string>PBXGroup</string>
			<key>sourceTree</key>
			<string>&lt;group&gt;</string>
		</dict>
		<key>269248E719856EF400C5FAD0</key>
		<dict>
			<key>attributes</key>
			<dict>
				<key>CLASSPREFIX</key>
				<string>TH</string>
				<key>LastUpgradeCheck</key>
				<string>0510</string>
				<key>ORGANIZATIONNAME</key>
				<string>Kalson Kalu</string>
				<key>TargetAttributes</key>
				<dict>
					<key>2692490919856EF400C5FAD0</key>
					<dict>
						<key>TestTargetID</key>
						<string>269248EE19856EF400C5FAD0</string>
					</dict>
				</dict>
			</dict>
			<key>buildConfigurationList</key>
			<string>269248EA19856EF400C5FAD0</string>
			<key>compatibilityVersion</key>
			<string>Xcode 3.2</string>
			<key>developmentRegion</key>
			<string>English</string>
			<key>hasScannedForEncodings</key>
			<string>0</string>
			<key>isa</key>
			<string>PBXProject</string>
			<key>knownRegions</key>
			<array>
				<string>en</string>
			</array>
			<key>mainGroup</key>
			<string>269248E619856EF400C5FAD0</string>
			<key>productRefGroup</key>
			<string>269248F019856EF400C5FAD0</string>
			<key>projectDirPath</key>
			<string></string>
			<key>projectReferences</key>
			<array/>
			<key>projectRoot</key>
			<string></string>
			<key>targets</key>
			<array>
				<string>269248EE19856EF400C5FAD0</string>
				<string>2692490919856EF400C5FAD0</string>
			</array>
		</dict>
		<key>269248EA19856EF400C5FAD0</key>
		<dict>
			<key>buildConfigurations</key>
			<array>
				<string>2692491919856EF400C5FAD0</string>
				<string>2692491A19856EF400C5FAD0</string>
			</array>
			<key>defaultConfigurationIsVisible</key>
			<string>0</string>
			<key>defaultConfigurationName</key>
			<string>Release</string>
			<key>isa</key>
			<string>XCConfigurationList</string>
		</dict>
		<key>269248EB19856EF400C5FAD0</key>
		<dict>
			<key>buildActionMask</key>
			<string>2147483647</string>
			<key>files</key>
			<array>
				<string>263187C1198E5C8D00D11111</string>
				<string>2692490319856EF400C5FAD0</string>
				<string>2692492419856FAF00C5FAD0</string>
				<string>269248FF19856EF400C5FAD0</string>
			</array>
			<key>isa</key>
			<string>PBXSourcesBuildPhase</string>
			<key>runOnlyForDeploymentPostprocessing</key>
			<string>0</string>
		</dict>
		<key>269248EC19856EF400C5FAD0</key>
		<dict>
			<key>buildActionMask</key>
			<string>2147483647</string>
			<key>files</key>
			<array>
				<string>269248F519856EF400C5FAD0</string>
				<string>269248F719856EF400C5FAD0</string>
				<string>269248F319856EF400C5FAD0</string>
				<string>B75E163F80294E34857B5555</string>
			</array>
			<key>isa</key>
			<string>PBXFrameworksBuildPhase</string>
			<key>runOnlyForDeploymentPostprocessing</key>
			<string>0</string>
		</dict>
		<key>269248ED19856EF400C5FAD0</key>
		<dict>
			<key>buildActionMask</key>
			<string>2147483647</string>
			<key>files</key>
			<array>
				<string>269248FD19856EF400C5FAD0</string>
				<string>26EE110119A7554700CA0BB2</string>
				<string>2692490519856EF400C5FAD0</string>
			</array>
			<key>isa</key>
			<string>PBXResourcesBuildPhase</string>
			<key>runOnlyForDeploymentPostprocessing</key>
			<string>0</string>
		</dict>
		<key>269248EE19856EF400C5FAD0</key>
		<dict>
			<key>buildConfigurationList</key>
			<string>2692491B19856EF400C5FAD0</string>
			<key>buildPhases</key>
			<array>
				<string>B20F39D537284ADEA9C314D3</string>
				<string>269248EB19856EF400C5FAD0</string>
				<string>269248EC19856EF400C5FAD0</string>
				<string>269248ED19856EF400C5FAD0</string>
				<string>43026AAD469740B68BB1E994</string>
			</array>
			<key>buildRules</key>
			<array/>
			<key>dependencies</key>
			<array/>
			<key>isa</key>
			<string>PBXNativeTarget</string>
			<key>name</key>
			<string>PhotoBombers</string>
			<key>productName</key>
			<string>PhotoBombers</string>
			<key>productReference</key>
			<string>269248EF19856EF400C5FAD0</string>
			<key>productType</key>
			<string>com.apple.product-type.application</string>
		</dict>
		<key>269248EF19856EF400C5FAD0</key>
		<dict>
			<key>explicitFileType</key>
			<string>wrapper.application</string>
			<key>includeInIndex</key>
			<string>0</string>
			<key>isa</key>
			<string>PBXFileReference</string>
			<key>path</key>
			<string>PhotoBombers.app</string>
			<key>sourceTree</key>
			<string>BUILT_PRODUCTS_DIR</string>
		</dict>
		<key>269248F019856EF400C5FAD0</key>
		<dict>
			<key>children</key>
			<array>
				<string>269248EF19856EF400C5FAD0</string>
				<string>2692490A19856EF400C5FAD0</string>
			</array>
			<key>isa</key>
			<string>PBXGroup</string>
			<key>name</key>
			<string>Products</string>
			<key>sourceTree</key>
			<string>&lt;group&gt;</string>
		</dict>
		<key>269248F119856EF400C5FAD0</key>
		<dict>
			<key>children</key>
			<array>
				<string>269248F219856EF400C5FAD0</string>
				<string>269248F419856EF400C5FAD0</string>
				<string>269248F619856EF400C5FAD0</string>
				<string>2692490B19856EF400C5FAD0</string>
				<string>4A53D14DC0C44993BD297BAE</string>
			</array>
			<key>isa</key>
			<string>PBXGroup</string>
			<key>name</key>
			<string>Frameworks</string>
			<key>sourceTree</key>
			<string>&lt;group&gt;</string>
		</dict>
		<key>269248F219856EF400C5FAD0</key>
		<dict>
			<key>isa</key>
			<string>PBXFileReference</string>
			<key>lastKnownFileType</key>
			<string>wrapper.framework</string>
			<key>name</key>
			<string>Foundation.framework</string>
			<key>path</key>
			<string>System/Library/Frameworks/Foundation.framework</string>
			<key>sourceTree</key>
			<string>SDKROOT</string>
		</dict>
		<key>269248F319856EF400C5FAD0</key>
		<dict>
			<key>fileRef</key>
			<string>269248F219856EF400C5FAD0</string>
			<key>isa</key>
			<string>PBXBuildFile</string>
		</dict>
		<key>269248F419856EF400C5FAD0</key>
		<dict>
			<key>isa</key>
			<string>PBXFileReference</string>
			<key>lastKnownFileType</key>
			<string>wrapper.framework</string>
			<key>name</key>
			<string>CoreGraphics.framework</string>
			<key>path</key>
			<string>System/Library/Frameworks/CoreGraphics.framework</string>
			<key>sourceTree</key>
			<string>SDKROOT</string>
		</dict>
		<key>269248F519856EF400C5FAD0</key>
		<dict>
			<key>fileRef</key>
			<string>269248F419856EF400C5FAD0</string>
			<key>isa</key>
			<string>PBXBuildFile</string>
		</dict>
		<key>269248F619856EF400C5FAD0</key>
		<dict>
			<key>isa</key>
			<string>PBXFileReference</string>
			<key>lastKnownFileType</key>
			<string>wrapper.framework</string>
			<key>name</key>
			<string>UIKit.framework</string>
			<key>path</key>
			<string>System/Library/Frameworks/UIKit.framework</string>
			<key>sourceTree</key>
			<string>SDKROOT</string>
		</dict>
		<key>269248F719856EF400C5FAD0</key>
		<dict>
			<key>fileRef</key>
			<string>269248F619856EF400C5FAD0</string>
			<key>isa</key>
			<string>PBXBuildFile</string>
		</dict>
		<key>269248F819856EF400C5FAD0</key>
		<dict>
			<key>children</key>
			<array>
				<string>2692490119856EF400C5FAD0</string>
				<string>2692490219856EF400C5FAD0</string>
				<string>2692490419856EF400C5FAD0</string>
				<string>269248F919856EF400C5FAD0</string>
			</array>
			<key>isa</key>
			<string>PBXGroup</string>
			<key>path</key>
			<string>PhotoBombers</string>
			<key>sourceTree</key>
			<string>&lt;group&gt;</string>
		</dict>
		<key>269248F919856EF400C5FAD0</key>
		<dict>
			<key>children</key>
			<array>
				<string>269248FA19856EF400C5FAD0</string>
				<string>269248FB19856EF400C5FAD0</string>
				<string>269248FE19856EF400C5FAD0</string>
				<string>2692490019856EF400C5FAD0</string>
			</array>
			<key>isa</key>
			<string>PBXGroup</string>
			<key>name</key>
			<string>Supporting Files</string>
			<key>sourceTree</key>
			<string>&lt;group&gt;</string>
		</dict>
		<key>269248FA19856EF400C5FAD0</key>
		<dict>
			<key>isa</key>
			<string>PBXFileReference</string>
			<key>lastKnownFileType</key>
			<string>text.plist.xml</string>
			<key>path</key>
			<string>PhotoBombers-Info.plist</string>
			<key>sourceTree</key>
			<string>&lt;group&gt;</string>
		</dict>
		<key>269248FB19856EF400C5FAD0</key>
		<dict>
			<key>children</key>
			<array>
				<string>269248FC19856EF400C5FAD0</string>
			</array>
			<key>isa</key>
			<string>PBXVariantGroup</string>
			<key>name</key>
			<string>InfoPlist.strings</string>
			<key>sourceTree</key>
			<string>&lt;group&gt;</string>
		</dict>
		<key>269248FC19856EF400C5FAD0</key>
		<dict>
			<key>isa</key>
			<string>PBXFileReference</string>
			<key>lastKnownFileType</key>
			<string>text.plist.strings</string>
			<key>name</key>
			<string>en</string>
			<key>path</key>
			<string>en.lproj/InfoPlist.strings</string>
			<key>sourceTree</key>
			<string>&lt;group&gt;</string>
		</dict>
		<key>269248FD19856EF400C5FAD0</key>
		<dict>
			<key>fileRef</key>
			<string>269248FB19856EF400C5FAD0</string>
			<key>isa</key>
			<string>PBXBuildFile</string>
		</dict>
		<key>269248FE19856EF400C5FAD0</key>
		<dict>
			<key>isa</key>
			<string>PBXFileReference</string>
			<key>lastKnownFileType</key>
			<string>sourcecode.c.objc</string>
			<key>path</key>
			<string>main.m</string>
			<key>sourceTree</key>
			<string>&lt;group&gt;</string>
		</dict>
		<key>269248FF19856EF400C5FAD0</key>
		<dict>
			<key>fileRef</key>
			<string>269248FE19856EF400C5FAD0</string>
			<key>isa</key>
			<string>PBXBuildFile</string>
		</dict>
		<key>2692490019856EF400C5FAD0</key>
		<dict>
			<key>isa</key>
			<string>PBXFileReference</string>
			<key>lastKnownFileType</key>
			<string>sourcecode.c.h</string>
			<key>path</key>
			<string>PhotoBombers-Prefix.pch</string>
			<key>sourceTree</key>
			<string>&lt;group&gt;</string>
		</dict>
		<key>2692490119856EF400C5FAD0</key>
		<dict>
			<key>isa</key>
			<string>PBXFileReference</string>
			<key>lastKnownFileType</key>
			<string>sourcecode.c.h</string>
			<key>path</key>
			<string>THAppDelegate.h</string>
			<key>sourceTree</key>
			<string>&lt;group&gt;</string>
		</dict>
		<key>2692490219856EF400C5FAD0</key>
		<dict>
			<key>isa</key>
			<string>PBXFileReference</string>
			<key>lastKnownFileType</key>
			<string>sourcecode.c.objc</string>
			<key>path</key>
			<string>THAppDelegate.m</string>
			<key>sourceTree</key>
			<string>&lt;group&gt;</string>
		</dict>
		<key>2692490319856EF400C5FAD0</key>
		<dict>
			<key>fileRef</key>
			<string>2692490219856EF400C5FAD0</string>
			<key>isa</key>
			<string>PBXBuildFile</string>
		</dict>
		<key>2692490419856EF400C5FAD0</key>
		<dict>
			<key>isa</key>
			<string>PBXFileReference</string>
			<key>lastKnownFileType</key>
			<string>folder.assetcatalog</string>
			<key>path</key>
			<string>Images.xcassets</string>
			<key>sourceTree</key>
			<string>&lt;group&gt;</string>
		</dict>
		<key>2692490519856EF400C5FAD0</key>
		<dict>
			<key>fileRef</key>
			<string>2692490419856EF400C5FAD0</string>
			<key>isa</key>
			<string>PBXBuildFile</string>
		</dict>
		<key>2692490619856EF400C5FAD0</key>
		<dict>
			<key>buildActionMask</key>
			<string>2147483647</string>
			<key>files</key>
			<array>
				<string>2692491819856EF400C5FAD0</string>
			</array>
			<key>isa</key>
			<string>PBXSourcesBuildPhase</string>
			<key>runOnlyForDeploymentPostprocessing</key>
			<string>0</string>
		</dict>
		<key>2692490719856EF400C5FAD0</key>
		<dict>
			<key>buildActionMask</key>
			<string>2147483647</string>
			<key>files</key>
			<array>
				<string>2692490C19856EF400C5FAD0</string>
				<string>2692490E19856EF400C5FAD0</string>
				<string>2692490D19856EF400C5FAD0</string>
			</array>
			<key>isa</key>
			<string>PBXFrameworksBuildPhase</string>
			<key>runOnlyForDeploymentPostprocessing</key>
			<string>0</string>
		</dict>
		<key>2692490819856EF400C5FAD0</key>
		<dict>
			<key>buildActionMask</key>
			<string>2147483647</string>
			<key>files</key>
			<array>
				<string>2692491619856EF400C5FAD0</string>
			</array>
			<key>isa</key>
			<string>PBXResourcesBuildPhase</string>
			<key>runOnlyForDeploymentPostprocessing</key>
			<string>0</string>
		</dict>
		<key>2692490919856EF400C5FAD0</key>
		<dict>
			<key>buildConfigurationList</key>
			<string>2692491E19856EF400C5FAD0</string>
			<key>buildPhases</key>
			<array>
				<string>2692490619856EF400C5FAD0</string>
				<string>2692490719856EF400C5FAD0</string>
				<string>2692490819856EF400C5FAD0</string>
			</array>
			<key>buildRules</key>
			<array/>
			<key>dependencies</key>
			<array>
				<string>2692491019856EF400C5FAD0</string>
			</array>
			<key>isa</key>
			<string>PBXNativeTarget</string>
			<key>name</key>
			<string>PhotoBombersTests</string>
			<key>productName</key>
			<string>PhotoBombersTests</string>
			<key>productReference</key>
			<string>2692490A19856EF400C5FAD0</string>
			<key>productType</key>
			<string>com.apple.product-type.bundle.unit-test</string>
		</dict>
		<key>2692490A19856EF400C5FAD0</key>
		<dict>
			<key>explicitFileType</key>
			<string>wrapper.cfbundle</string>
			<key>includeInIndex</key>
			<string>0</string>
			<key>isa</key>
			<string>PBXFileReference</string>
			<key>path</key>
			<string>PhotoBombersTests.xctest</string>
			<key>sourceTree</key>
			<string>BUILT_PRODUCTS_DIR</string>
		</dict>
		<key>2692490B19856EF400C5FAD0</key>
		<dict>
			<key>isa</key>
			<string>PBXFileReference</string>
			<key>lastKnownFileType</key>
			<string>wrapper.framework</string>
			<key>name</key>
			<string>XCTest.framework</string>
			<key>path</key>
			<string>Library/Frameworks/XCTest.framework</string>
			<key>sourceTree</key>
			<string>DEVELOPER_DIR</string>
		</dict>
		<key>2692490C19856EF400C5FAD0</key>
		<dict>
			<key>fileRef</key>
			<string>2692490B19856EF400C5FAD0</string>
			<key>isa</key>
			<string>PBXBuildFile</string>
		</dict>
		<key>2692490D19856EF400C5FAD0</key>
		<dict>
			<key>fileRef</key>
			<string>269248F219856EF400C5FAD0</string>
			<key>isa</key>
			<string>PBXBuildFile</string>
		</dict>
		<key>2692490E19856EF400C5FAD0</key>
		<dict>
			<key>fileRef</key>
			<string>269248F619856EF400C5FAD0</string>
			<key>isa</key>
			<string>PBXBuildFile</string>
		</dict>
		<key>2692490F19856EF400C5FAD0</key>
		<dict>
			<key>containerPortal</key>
			<string>269248E719856EF400C5FAD0</string>
			<key>isa</key>
			<string>PBXContainerItemProxy</string>
			<key>proxyType</key>
			<string>1</string>
			<key>remoteGlobalIDString</key>
			<string>269248EE19856EF400C5FAD0</string>
			<key>remoteInfo</key>
			<string>PhotoBombers</string>
		</dict>
		<key>2692491019856EF400C5FAD0</key>
		<dict>
			<key>isa</key>
			<string>PBXTargetDependency</string>
			<key>target</key>
			<string>269248EE19856EF400C5FAD0</string>
			<key>targetProxy</key>
			<string>2692490F19856EF400C5FAD0</string>
		</dict>
		<key>2692491119856EF400C5FAD0</key>
		<dict>
			<key>children</key>
			<array>
				<string>2692491719856EF400C5FAD0</string>
				<string>2692491219856EF400C5FAD0</string>
			</array>
			<key>isa</key>
			<string>PBXGroup</string>
			<key>path</key>
			<string>PhotoBombersTests</string>
			<key>sourceTree</key>
			<string>&lt;group&gt;</string>
		</dict>
		<key>2692491219856EF400C5FAD0</key>
		<dict>
			<key>children</key>
			<array>
				<string>2692491319856EF400C5FAD0</string>
				<string>2692491419856EF400C5FAD0</string>
			</array>
			<key>isa</key>
			<string>PBXGroup</string>
			<key>name</key>
			<string>Supporting Files</string>
			<key>sourceTree</key>
			<string>&lt;group&gt;</string>
		</dict>
		<key>2692491319856EF400C5FAD0</key>
		<dict>
			<key>isa</key>
			<string>PBXFileReference</string>
			<key>lastKnownFileType</key>
			<string>text.plist.xml</string>
			<key>path</key>
			<string>PhotoBombersTests-Info.plist</string>
			<key>sourceTree</key>
			<string>&lt;group&gt;</string>
		</dict>
		<key>2692491419856EF400C5FAD0</key>
		<dict>
			<key>children</key>
			<array>
				<string>2692491519856EF400C5FAD0</string>
			</array>
			<key>isa</key>
			<string>PBXVariantGroup</string>
			<key>name</key>
			<string>InfoPlist.strings</string>
			<key>sourceTree</key>
			<string>&lt;group&gt;</string>
		</dict>
		<key>2692491519856EF400C5FAD0</key>
		<dict>
			<key>isa</key>
			<string>PBXFileReference</string>
			<key>lastKnownFileType</key>
			<string>text.plist.strings</string>
			<key>name</key>
			<string>en</string>
			<key>path</key>
			<string>en.lproj/InfoPlist.strings</string>
			<key>sourceTree</key>
			<string>&lt;group&gt;</string>
		</dict>
		<key>2692491619856EF400C5FAD0</key>
		<dict>
			<key>fileRef</key>
			<string>2692491419856EF400C5FAD0</string>
			<key>isa</key>
			<string>PBXBuildFile</string>
		</dict>
		<key>2692491719856EF400C5FAD0</key>
		<dict>
			<key>isa</key>
			<string>PBXFileReference</string>
			<key>lastKnownFileType</key>
			<string>sourcecode.c.objc</string>
			<key>path</key>
			<string>PhotoBombersTests.m</string>
			<key>sourceTree</key>
			<string>&lt;group&gt;</string>
		</dict>
		<key>2692491819856EF400C5FAD0</key>
		<dict>
			<key>fileRef</key>
			<string>2692491719856EF400C5FAD0</string>
			<key>isa</key>
			<string>PBXBuildFile</string>
		</dict>
		<key>2692491919856EF400C5FAD0</key>
		<dict>
			<key>buildSettings</key>
			<dict>
				<key>ALWAYS_SEARCH_USER_PATHS</key>
				<string>NO</string>
				<key>CLANG_CXX_LANGUAGE_STANDARD</key>
				<string>gnu++0x</string>
				<key>CLANG_CXX_LIBRARY</key>
				<string>libc++</string>
				<key>CLANG_ENABLE_MODULES</key>
				<string>YES</string>
				<key>CLANG_ENABLE_OBJC_ARC</key>
				<string>YES</string>
				<key>CLANG_WARN_BOOL_CONVERSION</key>
				<string>YES</string>
				<key>CLANG_WARN_CONSTANT_CONVERSION</key>
				<string>YES</string>
				<key>CLANG_WARN_DIRECT_OBJC_ISA_USAGE</key>
				<string>YES_ERROR</string>
				<key>CLANG_WARN_EMPTY_BODY</key>
				<string>YES</string>
				<key>CLANG_WARN_ENUM_CONVERSION</key>
				<string>YES</string>
				<key>CLANG_WARN_INT_CONVERSION</key>
				<string>YES</string>
				<key>CLANG_WARN_OBJC_ROOT_CLASS</key>
				<string>YES_ERROR</string>
				<key>CLANG_WARN__DUPLICATE_METHOD_MATCH</key>
				<string>YES</string>
				<key>CODE_SIGN_IDENTITY[sdk=iphoneos*]</key>
				<string>iPhone Developer</string>
				<key>COPY_PHASE_STRIP</key>
				<string>NO</string>
				<key>GCC_C_LANGUAGE_STANDARD</key>
				<string>gnu99</string>
				<key>GCC_DYNAMIC_NO_PIC</key>
				<string>NO</string>
				<key>GCC_OPTIMIZATION_LEVEL</key>
				<string>0</string>
				<key>GCC_PREPROCESSOR_DEFINITIONS</key>
				<array>
					<string>DEBUG=1</string>
					<string>$(inherited)</string>
				</array>
				<key>GCC_SYMBOLS_PRIVATE_EXTERN</key>
				<string>NO</string>
				<key>GCC_WARN_64_TO_32_BIT_CONVERSION</key>
				<string>YES</string>
				<key>GCC_WARN_ABOUT_RETURN_TYPE</key>
				<string>YES_ERROR</string>
				<key>GCC_WARN_UNDECLARED_SELECTOR</key>
				<string>YES</string>
				<key>GCC_WARN_UNINITIALIZED_AUTOS</key>
				<string>YES_AGGRESSIVE</string>
				<key>GCC_WARN_UNUSED_FUNCTION</key>
				<string>YES</string>
				<key>GCC_WARN_UNUSED_VARIABLE</key>
				<string>YES</string>
				<key>IPHONEOS_DEPLOYMENT_TARGET</key>
				<string>7.1</string>
				<key>ONLY_ACTIVE_ARCH</key>
				<string>YES</string>
				<key>SDKROOT</key>
				<string>iphoneos</string>
			</dict>
			<key>isa</key>
			<string>XCBuildConfiguration</string>
			<key>name</key>
			<string>Debug</string>
		</dict>
		<key>2692491A19856EF400C5FAD0</key>
		<dict>
			<key>buildSettings</key>
			<dict>
				<key>ALWAYS_SEARCH_USER_PATHS</key>
				<string>NO</string>
				<key>CLANG_CXX_LANGUAGE_STANDARD</key>
				<string>gnu++0x</string>
				<key>CLANG_CXX_LIBRARY</key>
				<string>libc++</string>
				<key>CLANG_ENABLE_MODULES</key>
				<string>YES</string>
				<key>CLANG_ENABLE_OBJC_ARC</key>
				<string>YES</string>
				<key>CLANG_WARN_BOOL_CONVERSION</key>
				<string>YES</string>
				<key>CLANG_WARN_CONSTANT_CONVERSION</key>
				<string>YES</string>
				<key>CLANG_WARN_DIRECT_OBJC_ISA_USAGE</key>
				<string>YES_ERROR</string>
				<key>CLANG_WARN_EMPTY_BODY</key>
				<string>YES</string>
				<key>CLANG_WARN_ENUM_CONVERSION</key>
				<string>YES</string>
				<key>CLANG_WARN_INT_CONVERSION</key>
				<string>YES</string>
				<key>CLANG_WARN_OBJC_ROOT_CLASS</key>
				<string>YES_ERROR</string>
				<key>CLANG_WARN__DUPLICATE_METHOD_MATCH</key>
				<string>YES</string>
				<key>CODE_SIGN_IDENTITY[sdk=iphoneos*]</key>
				<string>iPhone Developer</string>
				<key>COPY_PHASE_STRIP</key>
				<string>YES</string>
				<key>ENABLE_NS_ASSERTIONS</key>
				<string>NO</string>
				<key>GCC_C_LANGUAGE_STANDARD</key>
				<string>gnu99</string>
				<key>GCC_WARN_64_TO_32_BIT_CONVERSION</key>
				<string>YES</string>
				<key>GCC_WARN_ABOUT_RETURN_TYPE</key>
				<string>YES_ERROR</string>
				<key>GCC_WARN_UNDECLARED_SELECTOR</key>
				<string>YES</string>
				<key>GCC_WARN_UNINITIALIZED_AUTOS</key>
				<string>YES_AGGRESSIVE</string>
				<key>GCC_WARN_UNUSED_FUNCTION</key>
				<string>YES</string>
				<key>GCC_WARN_UNUSED_VARIABLE</key>
				<string>YES</string>
				<key>IPHONEOS_DEPLOYMENT_TARGET</key>
				<string>7.1</string>
				<key>SDKROOT</key>
				<string>iphoneos</string>
				<key>VALIDATE_PRODUCT</key>
				<string>YES</string>
			</dict>
			<key>isa</key>
			<string>XCBuildConfiguration</string>
			<key>name</key>
			<string>Release</string>
		</dict>
		<key>2692491B19856EF400C5FAD0</key>
		<dict>
			<key>buildConfigurations</key>
			<array>
				<string>2692491C19856EF400C5FAD0</string>
				<string>2692491D19856EF400C5FAD0</string>
			</array>
			<key>defaultConfigurationIsVisible</key>
			<string>0</string>
			<key>defaultConfigurationName</key>
			<string>Release</string>
			<key>isa</key>
			<string>XCConfigurationList</string>
		</dict>
		<key>2692491C19856EF400C5FAD0</key>
		<dict>
			<key>baseConfigurationReference</key>
			<string>CE37472FA34A4C9F8FA3F0C9</string>
			<key>buildSettings</key>
			<dict>
				<key>ASSETCATALOG_COMPILER_APPICON_NAME</key>
				<string>AppIcon</string>
				<key>ASSETCATALOG_COMPILER_LAUNCHIMAGE_NAME</key>
				<string>LaunchImage</string>
				<key>GCC_PRECOMPILE_PREFIX_HEADER</key>
				<string>YES</string>
				<key>GCC_PREFIX_HEADER</key>
				<string>PhotoBombers/PhotoBombers-Prefix.pch</string>
				<key>INFOPLIST_FILE</key>
				<string>PhotoBombers/PhotoBombers-Info.plist</string>
				<key>PRODUCT_NAME</key>
				<string>$(TARGET_NAME)</string>
				<key>WRAPPER_EXTENSION</key>
				<string>app</string>
			</dict>
			<key>isa</key>
			<string>XCBuildConfiguration</string>
			<key>name</key>
			<string>Debug</string>
		</dict>
		<key>2692491D19856EF400C5FAD0</key>
		<dict>
			<key>baseConfigurationReference</key>
			<string>CE37472FA34A4C9F8FA3F0C9</string>
			<key>buildSettings</key>
			<dict>
				<key>ASSETCATALOG_COMPILER_APPICON_NAME</key>
				<string>AppIcon</string>
				<key>ASSETCATALOG_COMPILER_LAUNCHIMAGE_NAME</key>
				<string>LaunchImage</string>
				<key>GCC_PRECOMPILE_PREFIX_HEADER</key>
				<string>YES</string>
				<key>GCC_PREFIX_HEADER</key>
				<string>PhotoBombers/PhotoBombers-Prefix.pch</string>
				<key>INFOPLIST_FILE</key>
				<string>PhotoBombers/PhotoBombers-Info.plist</string>
				<key>PRODUCT_NAME</key>
				<string>$(TARGET_NAME)</string>
				<key>WRAPPER_EXTENSION</key>
				<string>app</string>
			</dict>
			<key>isa</key>
			<string>XCBuildConfiguration</string>
			<key>name</key>
			<string>Release</string>
		</dict>
		<key>2692491E19856EF400C5FAD0</key>
		<dict>
			<key>buildConfigurations</key>
			<array>
				<string>2692491F19856EF400C5FAD0</string>
				<string>2692492019856EF400C5FAD0</string>
			</array>
			<key>defaultConfigurationIsVisible</key>
			<string>0</string>
			<key>defaultConfigurationName</key>
			<string>Release</string>
			<key>isa</key>
			<string>XCConfigurationList</string>
		</dict>
		<key>2692491F19856EF400C5FAD0</key>
		<dict>
			<key>buildSettings</key>
			<dict>
				<key>BUNDLE_LOADER</key>
				<string>$(BUILT_PRODUCTS_DIR)/PhotoBombers.app/PhotoBombers</string>
				<key>FRAMEWORK_SEARCH_PATHS</key>
				<array>
					<string>$(SDKROOT)/Developer/Library/Frameworks</string>
					<string>$(inherited)</string>
					<string>$(DEVELOPER_FRAMEWORKS_DIR)</string>
				</array>
				<key>GCC_PRECOMPILE_PREFIX_HEADER</key>
				<string>YES</string>
				<key>GCC_PREFIX_HEADER</key>
				<string>PhotoBombers/PhotoBombers-Prefix.pch</string>
				<key>GCC_PREPROCESSOR_DEFINITIONS</key>
				<array>
					<string>DEBUG=1</string>
					<string>$(inherited)</string>
				</array>
				<key>INFOPLIST_FILE</key>
				<string>PhotoBombersTests/PhotoBombersTests-Info.plist</string>
				<key>PRODUCT_NAME</key>
				<string>$(TARGET_NAME)</string>
				<key>TEST_HOST</key>
				<string>$(BUNDLE_LOADER)</string>
				<key>WRAPPER_EXTENSION</key>
				<string>xctest</string>
			</dict>
			<key>isa</key>
			<string>XCBuildConfiguration</string>
			<key>name</key>
			<string>Debug</string>
		</dict>
		<key>2692492019856EF400C5FAD0</key>
		<dict>
			<key>buildSettings</key>
			<dict>
				<key>BUNDLE_LOADER</key>
				<string>$(BUILT_PRODUCTS_DIR)/PhotoBombers.app/PhotoBombers</string>
				<key>FRAMEWORK_SEARCH_PATHS</key>
				<array>
					<string>$(SDKROOT)/Developer/Library/Frameworks</string>
					<string>$(inherited)</string>
					<string>$(DEVELOPER_FRAMEWORKS_DIR)</string>
				</array>
				<key>GCC_PRECOMPILE_PREFIX_HEADER</key>
				<string>YES</string>
				<key>GCC_PREFIX_HEADER</key>
				<string>PhotoBombers/PhotoBombers-Prefix.pch</string>
				<key>INFOPLIST_FILE</key>
				<string>PhotoBombersTests/PhotoBombersTests-Info.plist</string>
				<key>PRODUCT_NAME</key>
				<string>$(TARGET_NAME)</string>
				<key>TEST_HOST</key>
				<string>$(BUNDLE_LOADER)</string>
				<key>WRAPPER_EXTENSION</key>
				<string>xctest</string>
			</dict>
			<key>isa</key>
			<string>XCBuildConfiguration</string>
			<key>name</key>
			<string>Release</string>
		</dict>
		<key>2692492119856F5A00C5FAD0</key>
		<dict>
			<key>children</key>
			<array>
				<string>2692492219856FAF00C5FAD0</string>
				<string>2692492319856FAF00C5FAD0</string>
				<string>263187BF198E5C8D00D11111</string>
				<string>263187C0198E5C8D00D11111</string>
			</array>
			<key>isa</key>
			<string>PBXGroup</string>
			<key>name</key>
			<string>Controllers</string>
			<key>sourceTree</key>
			<string>&lt;group&gt;</string>
		</dict>
		<key>2692492219856FAF00C5FAD0</key>
		<dict>
			<key>fileEncoding</key>
			<string>4</string>
			<key>isa</key>
			<string>PBXFileReference</string>
			<key>lastKnownFileType</key>
			<string>sourcecode.c.h</string>
			<key>path</key>
			<string>PhotosVC.h</string>
			<key>sourceTree</key>
			<string>&lt;group&gt;</string>
		</dict>
		<key>2692492319856FAF00C5FAD0</key>
		<dict>
			<key>fileEncoding</key>
			<string>4</string>
			<key>isa</key>
			<string>PBXFileReference</string>
			<key>lastKnownFileType</key>
			<string>sourcecode.c.objc</string>
			<key>path</key>
			<string>PhotosVC.m</string>
			<key>sourceTree</key>
			<string>&lt;group&gt;</string>
		</dict>
		<key>2692492419856FAF00C5FAD0</key>
		<dict>
			<key>fileRef</key>
			<string>2692492319856FAF00C5FAD0</string>
			<key>isa</key>
			<string>PBXBuildFile</string>
		</dict>
		<key>26EB97BA19A9470E007488EE</key>
		<dict>
			<key>isa</key>
			<string>PBXFileReference</string>
			<key>lastKnownFileType</key>
			<string>text</string>
			<key>path</key>
			<string>PodFile</string>
			<key>sourceTree</key>
			<string>&lt;group&gt;</string>
		</dict>
		<key>26EE110019A7554700CA0BB2</key>
		<dict>
			<key>isa</key>
			<string>PBXFileReference</string>
			<key>lastKnownFileType</key>
			<string>image.png</string>
			<key>name</key>
			<string>Treehouse@2x.png</string>
			<key>path</key>
			<string>../../../Downloads/Treehouse@2x.png</string>
			<key>sourceTree</key>
			<string>&lt;group&gt;</string>
		</dict>
		<key>26EE110119A7554700CA0BB2</key>
		<dict>
			<key>fileRef</key>
			<string>26EE110019A7554700CA0BB2</string>
			<key>isa</key>
			<string>PBXBuildFile</string>
		</dict>
		<key>43026AAD469740B68BB1E994</key>
		<dict>
			<key>buildActionMask</key>
			<string>2147483647</string>
			<key>files</key>
			<array/>
			<key>inputPaths</key>
			<array/>
			<key>isa</key>
			<string>PBXShellScriptBuildPhase</string>
			<key>name</key>
			<string>Copy Pods Resources</string>
			<key>outputPaths</key>
			<array/>
			<key>runOnlyForDeploymentPostprocessing</key>
			<string>0</string>
			<key>shellPath</key>
			<string>/bin/sh</string>
			<key>shellScript</key>
			<string>"${SRCROOT}/Pods/Pods-resources.sh"
</string>
			<key>showEnvVarsInLog</key>
			<string>0</string>
		</dict>
		<key>4A53D14DC0C44993BD297BAE</key>
		<dict>
			<key>explicitFileType</key>
			<string>archive.ar</string>
			<key>includeInIndex</key>
			<string>0</string>
			<key>isa</key>
			<string>PBXFileReference</string>
			<key>path</key>
			<string>libPods.a</string>
			<key>sourceTree</key>
			<string>BUILT_PRODUCTS_DIR</string>
		</dict>
		<key>B20F39D537284ADEA9C314D3</key>
		<dict>
			<key>buildActionMask</key>
			<string>2147483647</string>
			<key>files</key>
			<array/>
			<key>inputPaths</key>
			<array/>
			<key>isa</key>
			<string>PBXShellScriptBuildPhase</string>
			<key>name</key>
			<string>Check Pods Manifest.lock</string>
			<key>outputPaths</key>
			<array/>
			<key>runOnlyForDeploymentPostprocessing</key>
			<string>0</string>
			<key>shellPath</key>
			<string>/bin/sh</string>
			<key>shellScript</key>
			<string>diff "${PODS_ROOT}/../Podfile.lock" "${PODS_ROOT}/Manifest.lock" &gt; /dev/null
if [[ $? != 0 ]] ; then
    cat &lt;&lt; EOM
error: The sandbox is not in sync with the Podfile.lock. Run 'pod install' or update your CocoaPods installation.
EOM
    exit 1
fi
</string>
			<key>showEnvVarsInLog</key>
			<string>0</string>
		</dict>
		<key>B75E163F80294E34857B5555</key>
		<dict>
			<key>fileRef</key>
			<string>4A53D14DC0C44993BD297BAE</string>
			<key>isa</key>
			<string>PBXBuildFile</string>
		</dict>
		<key>CE37472FA34A4C9F8FA3F0C9</key>
		<dict>
			<key>includeInIndex</key>
			<string>1</string>
			<key>isa</key>
			<string>PBXFileReference</string>
			<key>lastKnownFileType</key>
			<string>text.xcconfig</string>
			<key>name</key>
			<string>Pods.xcconfig</string>
			<key>path</key>
			<string>Pods/Pods.xcconfig</string>
			<key>sourceTree</key>
			<string>&lt;group&gt;</string>
		</dict>
	</dict>
	<key>rootObject</key>
	<string>269248E719856EF400C5FAD0</string>
</dict>
</plist>
