// !$*UTF8*$!
{
	archiveVersion = 1;
	classes = {
	};
	objectVersion = 46;
	objects = {

/* Begin PBXBuildFile section */
		2676547319AFDB320043D7C3 /* Foundation.framework in Frameworks */ = {isa = PBXBuildFile; fileRef = 2676547219AFDB320043D7C3 /* Foundation.framework */; };
		2676547519AFDB320043D7C3 /* CoreGraphics.framework in Frameworks */ = {isa = PBXBuildFile; fileRef = 2676547419AFDB320043D7C3 /* CoreGraphics.framework */; };
		2676547719AFDB320043D7C3 /* UIKit.framework in Frameworks */ = {isa = PBXBuildFile; fileRef = 2676547619AFDB320043D7C3 /* UIKit.framework */; };
		2676547D19AFDB320043D7C3 /* InfoPlist.strings in Resources */ = {isa = PBXBuildFile; fileRef = 2676547B19AFDB320043D7C3 /* InfoPlist.strings */; };
		2676547F19AFDB320043D7C3 /* main.m in Sources */ = {isa = PBXBuildFile; fileRef = 2676547E19AFDB320043D7C3 /* main.m */; };
		2676548319AFDB320043D7C3 /* TVAAppDelegate.m in Sources */ = {isa = PBXBuildFile; fileRef = 2676548219AFDB320043D7C3 /* TVAAppDelegate.m */; };
		2676548519AFDB320043D7C3 /* Images.xcassets in Resources */ = {isa = PBXBuildFile; fileRef = 2676548419AFDB320043D7C3 /* Images.xcassets */; };
		2676548C19AFDB320043D7C3 /* XCTest.framework in Frameworks */ = {isa = PBXBuildFile; fileRef = 2676548B19AFDB320043D7C3 /* XCTest.framework */; };
		2676548D19AFDB320043D7C3 /* Foundation.framework in Frameworks */ = {isa = PBXBuildFile; fileRef = 2676547219AFDB320043D7C3 /* Foundation.framework */; };
		2676548E19AFDB320043D7C3 /* UIKit.framework in Frameworks */ = {isa = PBXBuildFile; fileRef = 2676547619AFDB320043D7C3 /* UIKit.framework */; };
		2676549619AFDB320043D7C3 /* InfoPlist.strings in Resources */ = {isa = PBXBuildFile; fileRef = 2676549419AFDB320043D7C3 /* InfoPlist.strings */; };
		2676549819AFDB320043D7C3 /* TableView_AppTests.m in Sources */ = {isa = PBXBuildFile; fileRef = 2676549719AFDB320043D7C3 /* TableView_AppTests.m */; };
		267654A319AFDB510043D7C3 /* TableVC.m in Sources */ = {isa = PBXBuildFile; fileRef = 267654A219AFDB510043D7C3 /* TableVC.m */; };
		267654E719AFEA700043D7C3 /* DetailVC.m in Sources */ = {isa = PBXBuildFile; fileRef = 267654E619AFEA700043D7C3 /* DetailVC.m */; };
		26AC29C619B1899100B2D0E8 /* Shia.jpg in Resources */ = {isa = PBXBuildFile; fileRef = 26AC29C519B1899100B2D0E8 /* Shia.jpg */; };
/* End PBXBuildFile section */

/* Begin PBXContainerItemProxy section */
		2676548F19AFDB320043D7C3 /* PBXContainerItemProxy */ = {
			isa = PBXContainerItemProxy;
			containerPortal = 2676546719AFDB320043D7C3 /* Project object */;
			proxyType = 1;
			remoteGlobalIDString = 2676546E19AFDB320043D7C3;
			remoteInfo = "TableView App";
		};
/* End PBXContainerItemProxy section */

/* Begin PBXFileReference section */
		2676546F19AFDB320043D7C3 /* TableView App.app */ = {isa = PBXFileReference; explicitFileType = wrapper.application; includeInIndex = 0; path = "TableView App.app"; sourceTree = BUILT_PRODUCTS_DIR; };
		2676547219AFDB320043D7C3 /* Foundation.framework */ = {isa = PBXFileReference; lastKnownFileType = wrapper.framework; name = Foundation.framework; path = System/Library/Frameworks/Foundation.framework; sourceTree = SDKROOT; };
		2676547419AFDB320043D7C3 /* CoreGraphics.framework */ = {isa = PBXFileReference; lastKnownFileType = wrapper.framework; name = CoreGraphics.framework; path = System/Library/Frameworks/CoreGraphics.framework; sourceTree = SDKROOT; };
		2676547619AFDB320043D7C3 /* UIKit.framework */ = {isa = PBXFileReference; lastKnownFileType = wrapper.framework; name = UIKit.framework; path = System/Library/Frameworks/UIKit.framework; sourceTree = SDKROOT; };
		2676547A19AFDB320043D7C3 /* TableView App-Info.plist */ = {isa = PBXFileReference; lastKnownFileType = text.plist.xml; path = "TableView App-Info.plist"; sourceTree = "<group>"; };
		2676547C19AFDB320043D7C3 /* en */ = {isa = PBXFileReference; lastKnownFileType = text.plist.strings; name = en; path = en.lproj/InfoPlist.strings; sourceTree = "<group>"; };
		2676547E19AFDB320043D7C3 /* main.m */ = {isa = PBXFileReference; lastKnownFileType = sourcecode.c.objc; path = main.m; sourceTree = "<group>"; };
		2676548019AFDB320043D7C3 /* TableView App-Prefix.pch */ = {isa = PBXFileReference; lastKnownFileType = sourcecode.c.h; path = "TableView App-Prefix.pch"; sourceTree = "<group>"; };
		2676548119AFDB320043D7C3 /* TVAAppDelegate.h */ = {isa = PBXFileReference; lastKnownFileType = sourcecode.c.h; path = TVAAppDelegate.h; sourceTree = "<group>"; };
		2676548219AFDB320043D7C3 /* TVAAppDelegate.m */ = {isa = PBXFileReference; lastKnownFileType = sourcecode.c.objc; path = TVAAppDelegate.m; sourceTree = "<group>"; };
		2676548419AFDB320043D7C3 /* Images.xcassets */ = {isa = PBXFileReference; lastKnownFileType = folder.assetcatalog; path = Images.xcassets; sourceTree = "<group>"; };
		2676548A19AFDB320043D7C3 /* TableView AppTests.xctest */ = {isa = PBXFileReference; explicitFileType = wrapper.cfbundle; includeInIndex = 0; path = "TableView AppTests.xctest"; sourceTree = BUILT_PRODUCTS_DIR; };
		2676548B19AFDB320043D7C3 /* XCTest.framework */ = {isa = PBXFileReference; lastKnownFileType = wrapper.framework; name = XCTest.framework; path = Library/Frameworks/XCTest.framework; sourceTree = DEVELOPER_DIR; };
		2676549319AFDB320043D7C3 /* TableView AppTests-Info.plist */ = {isa = PBXFileReference; lastKnownFileType = text.plist.xml; path = "TableView AppTests-Info.plist"; sourceTree = "<group>"; };
		2676549519AFDB320043D7C3 /* en */ = {isa = PBXFileReference; lastKnownFileType = text.plist.strings; name = en; path = en.lproj/InfoPlist.strings; sourceTree = "<group>"; };
		2676549719AFDB320043D7C3 /* TableView_AppTests.m */ = {isa = PBXFileReference; lastKnownFileType = sourcecode.c.objc; path = TableView_AppTests.m; sourceTree = "<group>"; };
		267654A119AFDB510043D7C3 /* TableVC.h */ = {isa = PBXFileReference; fileEncoding = 4; lastKnownFileType = sourcecode.c.h; name = TableVC.h; path = ../TableVC.h; sourceTree = "<group>"; };
		267654A219AFDB510043D7C3 /* TableVC.m */ = {isa = PBXFileReference; fileEncoding = 4; lastKnownFileType = sourcecode.c.objc; name = TableVC.m; path = ../TableVC.m; sourceTree = "<group>"; };
		267654E519AFEA700043D7C3 /* DetailVC.h */ = {isa = PBXFileReference; fileEncoding = 4; lastKnownFileType = sourcecode.c.h; path = DetailVC.h; sourceTree = "<group>"; };
		267654E619AFEA700043D7C3 /* DetailVC.m */ = {isa = PBXFileReference; fileEncoding = 4; lastKnownFileType = sourcecode.c.objc; path = DetailVC.m; sourceTree = "<group>"; };
		26AC29C519B1899100B2D0E8 /* Shia.jpg */ = {isa = PBXFileReference; lastKnownFileType = image.jpeg; name = Shia.jpg; path = ../../../Downloads/Shia.jpg; sourceTree = "<group>"; };
/* End PBXFileReference section */

/* Begin PBXFrameworksBuildPhase section */
		2676546C19AFDB320043D7C3 /* Frameworks */ = {
			isa = PBXFrameworksBuildPhase;
			buildActionMask = 2147483647;
			files = (
				2676547519AFDB320043D7C3 /* CoreGraphics.framework in Frameworks */,
				2676547719AFDB320043D7C3 /* UIKit.framework in Frameworks */,
				2676547319AFDB320043D7C3 /* Foundation.framework in Frameworks */,
			);
			runOnlyForDeploymentPostprocessing = 0;
		};
		2676548719AFDB320043D7C3 /* Frameworks */ = {
			isa = PBXFrameworksBuildPhase;
			buildActionMask = 2147483647;
			files = (
				2676548C19AFDB320043D7C3 /* XCTest.framework in Frameworks */,
				2676548E19AFDB320043D7C3 /* UIKit.framework in Frameworks */,
				2676548D19AFDB320043D7C3 /* Foundation.framework in Frameworks */,
			);
			runOnlyForDeploymentPostprocessing = 0;
		};
/* End PBXFrameworksBuildPhase section */

/* Begin PBXGroup section */
		2676546619AFDB320043D7C3 = {
			isa = PBXGroup;
			children = (
				26AC29C519B1899100B2D0E8 /* Shia.jpg */,
				2676547819AFDB320043D7C3 /* TableView App */,
				2676549119AFDB320043D7C3 /* TableView AppTests */,
				2676547119AFDB320043D7C3 /* Frameworks */,
				2676547019AFDB320043D7C3 /* Products */,
			);
			sourceTree = "<group>";
		};
		2676547019AFDB320043D7C3 /* Products */ = {
			isa = PBXGroup;
			children = (
				2676546F19AFDB320043D7C3 /* TableView App.app */,
				2676548A19AFDB320043D7C3 /* TableView AppTests.xctest */,
			);
			name = Products;
			sourceTree = "<group>";
		};
		2676547119AFDB320043D7C3 /* Frameworks */ = {
			isa = PBXGroup;
			children = (
				2676547219AFDB320043D7C3 /* Foundation.framework */,
				2676547419AFDB320043D7C3 /* CoreGraphics.framework */,
				2676547619AFDB320043D7C3 /* UIKit.framework */,
				2676548B19AFDB320043D7C3 /* XCTest.framework */,
			);
			name = Frameworks;
			sourceTree = "<group>";
		};
		2676547819AFDB320043D7C3 /* TableView App */ = {
			isa = PBXGroup;
			children = (
				2676548119AFDB320043D7C3 /* TVAAppDelegate.h */,
				2676548219AFDB320043D7C3 /* TVAAppDelegate.m */,
				267654A119AFDB510043D7C3 /* TableVC.h */,
				267654A219AFDB510043D7C3 /* TableVC.m */,
				267654E519AFEA700043D7C3 /* DetailVC.h */,
				267654E619AFEA700043D7C3 /* DetailVC.m */,
				2676548419AFDB320043D7C3 /* Images.xcassets */,
				2676547919AFDB320043D7C3 /* Supporting Files */,
			);
			path = "TableView App";
			sourceTree = "<group>";
		};
		2676547919AFDB320043D7C3 /* Supporting Files */ = {
			isa = PBXGroup;
			children = (
				2676547A19AFDB320043D7C3 /* TableView App-Info.plist */,
				2676547B19AFDB320043D7C3 /* InfoPlist.strings */,
				2676547E19AFDB320043D7C3 /* main.m */,
				2676548019AFDB320043D7C3 /* TableView App-Prefix.pch */,
			);
			name = "Supporting Files";
			sourceTree = "<group>";
		};
		2676549119AFDB320043D7C3 /* TableView AppTests */ = {
			isa = PBXGroup;
			children = (
				2676549719AFDB320043D7C3 /* TableView_AppTests.m */,
				2676549219AFDB320043D7C3 /* Supporting Files */,
			);
			path = "TableView AppTests";
			sourceTree = "<group>";
		};
		2676549219AFDB320043D7C3 /* Supporting Files */ = {
			isa = PBXGroup;
			children = (
				2676549319AFDB320043D7C3 /* TableView AppTests-Info.plist */,
				2676549419AFDB320043D7C3 /* InfoPlist.strings */,
			);
			name = "Supporting Files";
			sourceTree = "<group>";
		};
/* End PBXGroup section */

/* Begin PBXNativeTarget section */
		2676546E19AFDB320043D7C3 /* TableView App */ = {
			isa = PBXNativeTarget;
			buildConfigurationList = 2676549B19AFDB320043D7C3 /* Build configuration list for PBXNativeTarget "TableView App" */;
			buildPhases = (
				2676546B19AFDB320043D7C3 /* Sources */,
				2676546C19AFDB320043D7C3 /* Frameworks */,
				2676546D19AFDB320043D7C3 /* Resources */,
			);
			buildRules = (
			);
			dependencies = (
			);
			name = "TableView App";
			productName = "TableView App";
			productReference = 2676546F19AFDB320043D7C3 /* TableView App.app */;
			productType = "com.apple.product-type.application";
		};
		2676548919AFDB320043D7C3 /* TableView AppTests */ = {
			isa = PBXNativeTarget;
			buildConfigurationList = 2676549E19AFDB320043D7C3 /* Build configuration list for PBXNativeTarget "TableView AppTests" */;
			buildPhases = (
				2676548619AFDB320043D7C3 /* Sources */,
				2676548719AFDB320043D7C3 /* Frameworks */,
				2676548819AFDB320043D7C3 /* Resources */,
			);
			buildRules = (
			);
			dependencies = (
				2676549019AFDB320043D7C3 /* PBXTargetDependency */,
			);
			name = "TableView AppTests";
			productName = "TableView AppTests";
			productReference = 2676548A19AFDB320043D7C3 /* TableView AppTests.xctest */;
			productType = "com.apple.product-type.bundle.unit-test";
		};
/* End PBXNativeTarget section */

/* Begin PBXProject section */
		2676546719AFDB320043D7C3 /* Project object */ = {
			isa = PBXProject;
			attributes = {
				CLASSPREFIX = TVA;
				LastUpgradeCheck = 0510;
				ORGANIZATIONNAME = "Kalson Kalu";
				TargetAttributes = {
					2676548919AFDB320043D7C3 = {
						TestTargetID = 2676546E19AFDB320043D7C3;
					};
				};
			};
			buildConfigurationList = 2676546A19AFDB320043D7C3 /* Build configuration list for PBXProject "TableView App" */;
			compatibilityVersion = "Xcode 3.2";
			developmentRegion = English;
			hasScannedForEncodings = 0;
			knownRegions = (
				en,
			);
			mainGroup = 2676546619AFDB320043D7C3;
			productRefGroup = 2676547019AFDB320043D7C3 /* Products */;
			projectDirPath = "";
			projectRoot = "";
			targets = (
				2676546E19AFDB320043D7C3 /* TableView App */,
				2676548919AFDB320043D7C3 /* TableView AppTests */,
			);
		};
/* End PBXProject section */

/* Begin PBXResourcesBuildPhase section */
		2676546D19AFDB320043D7C3 /* Resources */ = {
			isa = PBXResourcesBuildPhase;
			buildActionMask = 2147483647;
			files = (
				2676547D19AFDB320043D7C3 /* InfoPlist.strings in Resources */,
				26AC29C619B1899100B2D0E8 /* Shia.jpg in Resources */,
				2676548519AFDB320043D7C3 /* Images.xcassets in Resources */,
			);
			runOnlyForDeploymentPostprocessing = 0;
		};
		2676548819AFDB320043D7C3 /* Resources */ = {
			isa = PBXResourcesBuildPhase;
			buildActionMask = 2147483647;
			files = (
				2676549619AFDB320043D7C3 /* InfoPlist.strings in Resources */,
			);
			runOnlyForDeploymentPostprocessing = 0;
		};
/* End PBXResourcesBuildPhase section */

/* Begin PBXSourcesBuildPhase section */
		2676546B19AFDB320043D7C3 /* Sources */ = {
			isa = PBXSourcesBuildPhase;
			buildActionMask = 2147483647;
			files = (
				267654A319AFDB510043D7C3 /* TableVC.m in Sources */,
				267654E719AFEA700043D7C3 /* DetailVC.m in Sources */,
				2676548319AFDB320043D7C3 /* TVAAppDelegate.m in Sources */,
				2676547F19AFDB320043D7C3 /* main.m in Sources */,
			);
			runOnlyForDeploymentPostprocessing = 0;
		};
		2676548619AFDB320043D7C3 /* Sources */ = {
			isa = PBXSourcesBuildPhase;
			buildActionMask = 2147483647;
			files = (
				2676549819AFDB320043D7C3 /* TableView_AppTests.m in Sources */,
			);
			runOnlyForDeploymentPostprocessing = 0;
		};
/* End PBXSourcesBuildPhase section */

/* Begin PBXTargetDependency section */
		2676549019AFDB320043D7C3 /* PBXTargetDependency */ = {
			isa = PBXTargetDependency;
			target = 2676546E19AFDB320043D7C3 /* TableView App */;
			targetProxy = 2676548F19AFDB320043D7C3 /* PBXContainerItemProxy */;
		};
/* End PBXTargetDependency section */

/* Begin PBXVariantGroup section */
		2676547B19AFDB320043D7C3 /* InfoPlist.strings */ = {
			isa = PBXVariantGroup;
			children = (
				2676547C19AFDB320043D7C3 /* en */,
			);
			name = InfoPlist.strings;
			sourceTree = "<group>";
		};
		2676549419AFDB320043D7C3 /* InfoPlist.strings */ = {
			isa = PBXVariantGroup;
			children = (
				2676549519AFDB320043D7C3 /* en */,
			);
			name = InfoPlist.strings;
			sourceTree = "<group>";
		};
/* End PBXVariantGroup section */

/* Begin XCBuildConfiguration section */
		2676549919AFDB320043D7C3 /* Debug */ = {
			isa = XCBuildConfiguration;
			buildSettings = {
				ALWAYS_SEARCH_USER_PATHS = NO;
				CLANG_CXX_LANGUAGE_STANDARD = "gnu++0x";
				CLANG_CXX_LIBRARY = "libc++";
				CLANG_ENABLE_MODULES = YES;
				CLANG_ENABLE_OBJC_ARC = YES;
				CLANG_WARN_BOOL_CONVERSION = YES;
				CLANG_WARN_CONSTANT_CONVERSION = YES;
				CLANG_WARN_DIRECT_OBJC_ISA_USAGE = YES_ERROR;
				CLANG_WARN_EMPTY_BODY = YES;
				CLANG_WARN_ENUM_CONVERSION = YES;
				CLANG_WARN_INT_CONVERSION = YES;
				CLANG_WARN_OBJC_ROOT_CLASS = YES_ERROR;
				CLANG_WARN__DUPLICATE_METHOD_MATCH = YES;
				"CODE_SIGN_IDENTITY[sdk=iphoneos*]" = "iPhone Developer";
				COPY_PHASE_STRIP = NO;
				GCC_C_LANGUAGE_STANDARD = gnu99;
				GCC_DYNAMIC_NO_PIC = NO;
				GCC_OPTIMIZATION_LEVEL = 0;
				GCC_PREPROCESSOR_DEFINITIONS = (
					"DEBUG=1",
					"$(inherited)",
				);
				GCC_SYMBOLS_PRIVATE_EXTERN = NO;
				GCC_WARN_64_TO_32_BIT_CONVERSION = YES;
				GCC_WARN_ABOUT_RETURN_TYPE = YES_ERROR;
				GCC_WARN_UNDECLARED_SELECTOR = YES;
				GCC_WARN_UNINITIALIZED_AUTOS = YES_AGGRESSIVE;
				GCC_WARN_UNUSED_FUNCTION = YES;
				GCC_WARN_UNUSED_VARIABLE = YES;
				IPHONEOS_DEPLOYMENT_TARGET = 7.1;
				ONLY_ACTIVE_ARCH = YES;
				SDKROOT = iphoneos;
			};
			name = Debug;
		};
		2676549A19AFDB320043D7C3 /* Release */ = {
			isa = XCBuildConfiguration;
			buildSettings = {
				ALWAYS_SEARCH_USER_PATHS = NO;
				CLANG_CXX_LANGUAGE_STANDARD = "gnu++0x";
				CLANG_CXX_LIBRARY = "libc++";
				CLANG_ENABLE_MODULES = YES;
				CLANG_ENABLE_OBJC_ARC = YES;
				CLANG_WARN_BOOL_CONVERSION = YES;
				CLANG_WARN_CONSTANT_CONVERSION = YES;
				CLANG_WARN_DIRECT_OBJC_ISA_USAGE = YES_ERROR;
				CLANG_WARN_EMPTY_BODY = YES;
				CLANG_WARN_ENUM_CONVERSION = YES;
				CLANG_WARN_INT_CONVERSION = YES;
				CLANG_WARN_OBJC_ROOT_CLASS = YES_ERROR;
				CLANG_WARN__DUPLICATE_METHOD_MATCH = YES;
				"CODE_SIGN_IDENTITY[sdk=iphoneos*]" = "iPhone Developer";
				COPY_PHASE_STRIP = YES;
				ENABLE_NS_ASSERTIONS = NO;
				GCC_C_LANGUAGE_STANDARD = gnu99;
				GCC_WARN_64_TO_32_BIT_CONVERSION = YES;
				GCC_WARN_ABOUT_RETURN_TYPE = YES_ERROR;
				GCC_WARN_UNDECLARED_SELECTOR = YES;
				GCC_WARN_UNINITIALIZED_AUTOS = YES_AGGRESSIVE;
				GCC_WARN_UNUSED_FUNCTION = YES;
				GCC_WARN_UNUSED_VARIABLE = YES;
				IPHONEOS_DEPLOYMENT_TARGET = 7.1;
				SDKROOT = iphoneos;
				VALIDATE_PRODUCT = YES;
			};
			name = Release;
		};
		2676549C19AFDB320043D7C3 /* Debug */ = {
			isa = XCBuildConfiguration;
			buildSettings = {
				ASSETCATALOG_COMPILER_APPICON_NAME = AppIcon;
				ASSETCATALOG_COMPILER_LAUNCHIMAGE_NAME = LaunchImage;
				GCC_PRECOMPILE_PREFIX_HEADER = YES;
				GCC_PREFIX_HEADER = "TableView App/TableView App-Prefix.pch";
				INFOPLIST_FILE = "TableView App/TableView App-Info.plist";
				PRODUCT_NAME = "$(TARGET_NAME)";
				WRAPPER_EXTENSION = app;
			};
			name = Debug;
		};
		2676549D19AFDB320043D7C3 /* Release */ = {
			isa = XCBuildConfiguration;
			buildSettings = {
				ASSETCATALOG_COMPILER_APPICON_NAME = AppIcon;
				ASSETCATALOG_COMPILER_LAUNCHIMAGE_NAME = LaunchImage;
				GCC_PRECOMPILE_PREFIX_HEADER = YES;
				GCC_PREFIX_HEADER = "TableView App/TableView App-Prefix.pch";
				INFOPLIST_FILE = "TableView App/TableView App-Info.plist";
				PRODUCT_NAME = "$(TARGET_NAME)";
				WRAPPER_EXTENSION = app;
			};
			name = Release;
		};
		2676549F19AFDB320043D7C3 /* Debug */ = {
			isa = XCBuildConfiguration;
			buildSettings = {
				BUNDLE_LOADER = "$(BUILT_PRODUCTS_DIR)/TableView App.app/TableView App";
				FRAMEWORK_SEARCH_PATHS = (
					"$(SDKROOT)/Developer/Library/Frameworks",
					"$(inherited)",
					"$(DEVELOPER_FRAMEWORKS_DIR)",
				);
				GCC_PRECOMPILE_PREFIX_HEADER = YES;
				GCC_PREFIX_HEADER = "TableView App/TableView App-Prefix.pch";
				GCC_PREPROCESSOR_DEFINITIONS = (
					"DEBUG=1",
					"$(inherited)",
				);
				INFOPLIST_FILE = "TableView AppTests/TableView AppTests-Info.plist";
				PRODUCT_NAME = "$(TARGET_NAME)";
				TEST_HOST = "$(BUNDLE_LOADER)";
				WRAPPER_EXTENSION = xctest;
			};
			name = Debug;
		};
		267654A019AFDB320043D7C3 /* Release */ = {
			isa = XCBuildConfiguration;
			buildSettings = {
				BUNDLE_LOADER = "$(BUILT_PRODUCTS_DIR)/TableView App.app/TableView App";
				FRAMEWORK_SEARCH_PATHS = (
					"$(SDKROOT)/Developer/Library/Frameworks",
					"$(inherited)",
					"$(DEVELOPER_FRAMEWORKS_DIR)",
				);
				GCC_PRECOMPILE_PREFIX_HEADER = YES;
				GCC_PREFIX_HEADER = "TableView App/TableView App-Prefix.pch";
				INFOPLIST_FILE = "TableView AppTests/TableView AppTests-Info.plist";
				PRODUCT_NAME = "$(TARGET_NAME)";
				TEST_HOST = "$(BUNDLE_LOADER)";
				WRAPPER_EXTENSION = xctest;
			};
			name = Release;
		};
/* End XCBuildConfiguration section */

/* Begin XCConfigurationList section */
		2676546A19AFDB320043D7C3 /* Build configuration list for PBXProject "TableView App" */ = {
			isa = XCConfigurationList;
			buildConfigurations = (
				2676549919AFDB320043D7C3 /* Debug */,
				2676549A19AFDB320043D7C3 /* Release */,
			);
			defaultConfigurationIsVisible = 0;
			defaultConfigurationName = Release;
		};
		2676549B19AFDB320043D7C3 /* Build configuration list for PBXNativeTarget "TableView App" */ = {
			isa = XCConfigurationList;
			buildConfigurations = (
				2676549C19AFDB320043D7C3 /* Debug */,
				2676549D19AFDB320043D7C3 /* Release */,
			);
			defaultConfigurationIsVisible = 0;
			defaultConfigurationName = Release;
		};
		2676549E19AFDB320043D7C3 /* Build configuration list for PBXNativeTarget "TableView AppTests" */ = {
			isa = XCConfigurationList;
			buildConfigurations = (
				2676549F19AFDB320043D7C3 /* Debug */,
				267654A019AFDB320043D7C3 /* Release */,
			);
			defaultConfigurationIsVisible = 0;
			defaultConfigurationName = Release;
		};
/* End XCConfigurationList section */
	};
	rootObject = 2676546719AFDB320043D7C3 /* Project object */;
}
