// !$*UTF8*$!
{
	archiveVersion = 1;
	classes = {
	};
	objectVersion = 46;
	objects = {

/* Begin PBXBuildFile section */
		263187CF198F0ECC00D11111 /* Foundation.framework in Frameworks */ = {isa = PBXBuildFile; fileRef = 263187CE198F0ECC00D11111 /* Foundation.framework */; };
		263187D1198F0ECC00D11111 /* CoreGraphics.framework in Frameworks */ = {isa = PBXBuildFile; fileRef = 263187D0198F0ECC00D11111 /* CoreGraphics.framework */; };
		263187D3198F0ECC00D11111 /* UIKit.framework in Frameworks */ = {isa = PBXBuildFile; fileRef = 263187D2198F0ECC00D11111 /* UIKit.framework */; };
		263187D9198F0ECC00D11111 /* InfoPlist.strings in Resources */ = {isa = PBXBuildFile; fileRef = 263187D7198F0ECC00D11111 /* InfoPlist.strings */; };
		263187DB198F0ECC00D11111 /* main.m in Sources */ = {isa = PBXBuildFile; fileRef = 263187DA198F0ECC00D11111 /* main.m */; };
		263187DF198F0ECC00D11111 /* ADAAppDelegate.m in Sources */ = {isa = PBXBuildFile; fileRef = 263187DE198F0ECC00D11111 /* ADAAppDelegate.m */; };
		263187E1198F0ECC00D11111 /* Images.xcassets in Resources */ = {isa = PBXBuildFile; fileRef = 263187E0198F0ECC00D11111 /* Images.xcassets */; };
		263187E8198F0ECC00D11111 /* XCTest.framework in Frameworks */ = {isa = PBXBuildFile; fileRef = 263187E7198F0ECC00D11111 /* XCTest.framework */; };
		263187E9198F0ECC00D11111 /* Foundation.framework in Frameworks */ = {isa = PBXBuildFile; fileRef = 263187CE198F0ECC00D11111 /* Foundation.framework */; };
		263187EA198F0ECC00D11111 /* UIKit.framework in Frameworks */ = {isa = PBXBuildFile; fileRef = 263187D2198F0ECC00D11111 /* UIKit.framework */; };
		263187F2198F0ECC00D11111 /* InfoPlist.strings in Resources */ = {isa = PBXBuildFile; fileRef = 263187F0198F0ECC00D11111 /* InfoPlist.strings */; };
		263187F4198F0ECC00D11111 /* Adding_GroupsTests.m in Sources */ = {isa = PBXBuildFile; fileRef = 263187F3198F0ECC00D11111 /* Adding_GroupsTests.m */; };
		263187FF198F0EE600D11111 /* ADATableViewController.m in Sources */ = {isa = PBXBuildFile; fileRef = 263187FE198F0EE600D11111 /* ADATableViewController.m */; };
		26318803198F193000D11111 /* ADANewGroupViewController.m in Sources */ = {isa = PBXBuildFile; fileRef = 26318802198F193000D11111 /* ADANewGroupViewController.m */; };
/* End PBXBuildFile section */

/* Begin PBXContainerItemProxy section */
		263187EB198F0ECC00D11111 /* PBXContainerItemProxy */ = {
			isa = PBXContainerItemProxy;
			containerPortal = 263187C3198F0ECC00D11111 /* Project object */;
			proxyType = 1;
			remoteGlobalIDString = 263187CA198F0ECC00D11111;
			remoteInfo = "Adding Groups";
		};
/* End PBXContainerItemProxy section */

/* Begin PBXFileReference section */
		263187CB198F0ECC00D11111 /* Adding Groups.app */ = {isa = PBXFileReference; explicitFileType = wrapper.application; includeInIndex = 0; path = "Adding Groups.app"; sourceTree = BUILT_PRODUCTS_DIR; };
		263187CE198F0ECC00D11111 /* Foundation.framework */ = {isa = PBXFileReference; lastKnownFileType = wrapper.framework; name = Foundation.framework; path = System/Library/Frameworks/Foundation.framework; sourceTree = SDKROOT; };
		263187D0198F0ECC00D11111 /* CoreGraphics.framework */ = {isa = PBXFileReference; lastKnownFileType = wrapper.framework; name = CoreGraphics.framework; path = System/Library/Frameworks/CoreGraphics.framework; sourceTree = SDKROOT; };
		263187D2198F0ECC00D11111 /* UIKit.framework */ = {isa = PBXFileReference; lastKnownFileType = wrapper.framework; name = UIKit.framework; path = System/Library/Frameworks/UIKit.framework; sourceTree = SDKROOT; };
		263187D6198F0ECC00D11111 /* Adding Groups-Info.plist */ = {isa = PBXFileReference; lastKnownFileType = text.plist.xml; path = "Adding Groups-Info.plist"; sourceTree = "<group>"; };
		263187D8198F0ECC00D11111 /* en */ = {isa = PBXFileReference; lastKnownFileType = text.plist.strings; name = en; path = en.lproj/InfoPlist.strings; sourceTree = "<group>"; };
		263187DA198F0ECC00D11111 /* main.m */ = {isa = PBXFileReference; lastKnownFileType = sourcecode.c.objc; path = main.m; sourceTree = "<group>"; };
		263187DC198F0ECC00D11111 /* Adding Groups-Prefix.pch */ = {isa = PBXFileReference; lastKnownFileType = sourcecode.c.h; path = "Adding Groups-Prefix.pch"; sourceTree = "<group>"; };
		263187DD198F0ECC00D11111 /* ADAAppDelegate.h */ = {isa = PBXFileReference; lastKnownFileType = sourcecode.c.h; path = ADAAppDelegate.h; sourceTree = "<group>"; };
		263187DE198F0ECC00D11111 /* ADAAppDelegate.m */ = {isa = PBXFileReference; lastKnownFileType = sourcecode.c.objc; path = ADAAppDelegate.m; sourceTree = "<group>"; };
		263187E0198F0ECC00D11111 /* Images.xcassets */ = {isa = PBXFileReference; lastKnownFileType = folder.assetcatalog; path = Images.xcassets; sourceTree = "<group>"; };
		263187E6198F0ECC00D11111 /* Adding GroupsTests.xctest */ = {isa = PBXFileReference; explicitFileType = wrapper.cfbundle; includeInIndex = 0; path = "Adding GroupsTests.xctest"; sourceTree = BUILT_PRODUCTS_DIR; };
		263187E7198F0ECC00D11111 /* XCTest.framework */ = {isa = PBXFileReference; lastKnownFileType = wrapper.framework; name = XCTest.framework; path = Library/Frameworks/XCTest.framework; sourceTree = DEVELOPER_DIR; };
		263187EF198F0ECC00D11111 /* Adding GroupsTests-Info.plist */ = {isa = PBXFileReference; lastKnownFileType = text.plist.xml; path = "Adding GroupsTests-Info.plist"; sourceTree = "<group>"; };
		263187F1198F0ECC00D11111 /* en */ = {isa = PBXFileReference; lastKnownFileType = text.plist.strings; name = en; path = en.lproj/InfoPlist.strings; sourceTree = "<group>"; };
		263187F3198F0ECC00D11111 /* Adding_GroupsTests.m */ = {isa = PBXFileReference; lastKnownFileType = sourcecode.c.objc; path = Adding_GroupsTests.m; sourceTree = "<group>"; };
		263187FD198F0EE600D11111 /* ADATableViewController.h */ = {isa = PBXFileReference; fileEncoding = 4; lastKnownFileType = sourcecode.c.h; path = ADATableViewController.h; sourceTree = "<group>"; };
		263187FE198F0EE600D11111 /* ADATableViewController.m */ = {isa = PBXFileReference; fileEncoding = 4; lastKnownFileType = sourcecode.c.objc; path = ADATableViewController.m; sourceTree = "<group>"; };
		26318801198F193000D11111 /* ADANewGroupViewController.h */ = {isa = PBXFileReference; fileEncoding = 4; lastKnownFileType = sourcecode.c.h; path = ADANewGroupViewController.h; sourceTree = "<group>"; };
		26318802198F193000D11111 /* ADANewGroupViewController.m */ = {isa = PBXFileReference; fileEncoding = 4; lastKnownFileType = sourcecode.c.objc; path = ADANewGroupViewController.m; sourceTree = "<group>"; };
/* End PBXFileReference section */

/* Begin PBXFrameworksBuildPhase section */
		263187C8198F0ECC00D11111 /* Frameworks */ = {
			isa = PBXFrameworksBuildPhase;
			buildActionMask = 2147483647;
			files = (
				263187D1198F0ECC00D11111 /* CoreGraphics.framework in Frameworks */,
				263187D3198F0ECC00D11111 /* UIKit.framework in Frameworks */,
				263187CF198F0ECC00D11111 /* Foundation.framework in Frameworks */,
			);
			runOnlyForDeploymentPostprocessing = 0;
		};
		263187E3198F0ECC00D11111 /* Frameworks */ = {
			isa = PBXFrameworksBuildPhase;
			buildActionMask = 2147483647;
			files = (
				263187E8198F0ECC00D11111 /* XCTest.framework in Frameworks */,
				263187EA198F0ECC00D11111 /* UIKit.framework in Frameworks */,
				263187E9198F0ECC00D11111 /* Foundation.framework in Frameworks */,
			);
			runOnlyForDeploymentPostprocessing = 0;
		};
/* End PBXFrameworksBuildPhase section */

/* Begin PBXGroup section */
		263187C2198F0ECC00D11111 = {
			isa = PBXGroup;
			children = (
				26318800198F0F9100D11111 /* Controllers */,
				263187D4198F0ECC00D11111 /* Adding Groups */,
				263187ED198F0ECC00D11111 /* Adding GroupsTests */,
				263187CD198F0ECC00D11111 /* Frameworks */,
				263187CC198F0ECC00D11111 /* Products */,
			);
			sourceTree = "<group>";
		};
		263187CC198F0ECC00D11111 /* Products */ = {
			isa = PBXGroup;
			children = (
				263187CB198F0ECC00D11111 /* Adding Groups.app */,
				263187E6198F0ECC00D11111 /* Adding GroupsTests.xctest */,
			);
			name = Products;
			sourceTree = "<group>";
		};
		263187CD198F0ECC00D11111 /* Frameworks */ = {
			isa = PBXGroup;
			children = (
				263187CE198F0ECC00D11111 /* Foundation.framework */,
				263187D0198F0ECC00D11111 /* CoreGraphics.framework */,
				263187D2198F0ECC00D11111 /* UIKit.framework */,
				263187E7198F0ECC00D11111 /* XCTest.framework */,
			);
			name = Frameworks;
			sourceTree = "<group>";
		};
		263187D4198F0ECC00D11111 /* Adding Groups */ = {
			isa = PBXGroup;
			children = (
				263187DD198F0ECC00D11111 /* ADAAppDelegate.h */,
				263187DE198F0ECC00D11111 /* ADAAppDelegate.m */,
				263187E0198F0ECC00D11111 /* Images.xcassets */,
				263187D5198F0ECC00D11111 /* Supporting Files */,
			);
			path = "Adding Groups";
			sourceTree = "<group>";
		};
		263187D5198F0ECC00D11111 /* Supporting Files */ = {
			isa = PBXGroup;
			children = (
				263187D6198F0ECC00D11111 /* Adding Groups-Info.plist */,
				263187D7198F0ECC00D11111 /* InfoPlist.strings */,
				263187DA198F0ECC00D11111 /* main.m */,
				263187DC198F0ECC00D11111 /* Adding Groups-Prefix.pch */,
			);
			name = "Supporting Files";
			sourceTree = "<group>";
		};
		263187ED198F0ECC00D11111 /* Adding GroupsTests */ = {
			isa = PBXGroup;
			children = (
				263187F3198F0ECC00D11111 /* Adding_GroupsTests.m */,
				263187EE198F0ECC00D11111 /* Supporting Files */,
			);
			path = "Adding GroupsTests";
			sourceTree = "<group>";
		};
		263187EE198F0ECC00D11111 /* Supporting Files */ = {
			isa = PBXGroup;
			children = (
				263187EF198F0ECC00D11111 /* Adding GroupsTests-Info.plist */,
				263187F0198F0ECC00D11111 /* InfoPlist.strings */,
			);
			name = "Supporting Files";
			sourceTree = "<group>";
		};
		26318800198F0F9100D11111 /* Controllers */ = {
			isa = PBXGroup;
			children = (
				263187FD198F0EE600D11111 /* ADATableViewController.h */,
				263187FE198F0EE600D11111 /* ADATableViewController.m */,
				26318801198F193000D11111 /* ADANewGroupViewController.h */,
				26318802198F193000D11111 /* ADANewGroupViewController.m */,
			);
			name = Controllers;
			sourceTree = "<group>";
		};
/* End PBXGroup section */

/* Begin PBXNativeTarget section */
		263187CA198F0ECC00D11111 /* Adding Groups */ = {
			isa = PBXNativeTarget;
			buildConfigurationList = 263187F7198F0ECC00D11111 /* Build configuration list for PBXNativeTarget "Adding Groups" */;
			buildPhases = (
				263187C7198F0ECC00D11111 /* Sources */,
				263187C8198F0ECC00D11111 /* Frameworks */,
				263187C9198F0ECC00D11111 /* Resources */,
			);
			buildRules = (
			);
			dependencies = (
			);
			name = "Adding Groups";
			productName = "Adding Groups";
			productReference = 263187CB198F0ECC00D11111 /* Adding Groups.app */;
			productType = "com.apple.product-type.application";
		};
		263187E5198F0ECC00D11111 /* Adding GroupsTests */ = {
			isa = PBXNativeTarget;
			buildConfigurationList = 263187FA198F0ECC00D11111 /* Build configuration list for PBXNativeTarget "Adding GroupsTests" */;
			buildPhases = (
				263187E2198F0ECC00D11111 /* Sources */,
				263187E3198F0ECC00D11111 /* Frameworks */,
				263187E4198F0ECC00D11111 /* Resources */,
			);
			buildRules = (
			);
			dependencies = (
				263187EC198F0ECC00D11111 /* PBXTargetDependency */,
			);
			name = "Adding GroupsTests";
			productName = "Adding GroupsTests";
			productReference = 263187E6198F0ECC00D11111 /* Adding GroupsTests.xctest */;
			productType = "com.apple.product-type.bundle.unit-test";
		};
/* End PBXNativeTarget section */

/* Begin PBXProject section */
		263187C3198F0ECC00D11111 /* Project object */ = {
			isa = PBXProject;
			attributes = {
				CLASSPREFIX = ADA;
				LastUpgradeCheck = 0510;
				ORGANIZATIONNAME = "Kalson Kalu";
				TargetAttributes = {
					263187E5198F0ECC00D11111 = {
						TestTargetID = 263187CA198F0ECC00D11111;
					};
				};
			};
			buildConfigurationList = 263187C6198F0ECC00D11111 /* Build configuration list for PBXProject "Adding Groups" */;
			compatibilityVersion = "Xcode 3.2";
			developmentRegion = English;
			hasScannedForEncodings = 0;
			knownRegions = (
				en,
			);
			mainGroup = 263187C2198F0ECC00D11111;
			productRefGroup = 263187CC198F0ECC00D11111 /* Products */;
			projectDirPath = "";
			projectRoot = "";
			targets = (
				263187CA198F0ECC00D11111 /* Adding Groups */,
				263187E5198F0ECC00D11111 /* Adding GroupsTests */,
			);
		};
/* End PBXProject section */

/* Begin PBXResourcesBuildPhase section */
		263187C9198F0ECC00D11111 /* Resources */ = {
			isa = PBXResourcesBuildPhase;
			buildActionMask = 2147483647;
			files = (
				263187D9198F0ECC00D11111 /* InfoPlist.strings in Resources */,
				263187E1198F0ECC00D11111 /* Images.xcassets in Resources */,
			);
			runOnlyForDeploymentPostprocessing = 0;
		};
		263187E4198F0ECC00D11111 /* Resources */ = {
			isa = PBXResourcesBuildPhase;
			buildActionMask = 2147483647;
			files = (
				263187F2198F0ECC00D11111 /* InfoPlist.strings in Resources */,
			);
			runOnlyForDeploymentPostprocessing = 0;
		};
/* End PBXResourcesBuildPhase section */

/* Begin PBXSourcesBuildPhase section */
		263187C7198F0ECC00D11111 /* Sources */ = {
			isa = PBXSourcesBuildPhase;
			buildActionMask = 2147483647;
			files = (
				263187DB198F0ECC00D11111 /* main.m in Sources */,
				263187FF198F0EE600D11111 /* ADATableViewController.m in Sources */,
				26318803198F193000D11111 /* ADANewGroupViewController.m in Sources */,
				263187DF198F0ECC00D11111 /* ADAAppDelegate.m in Sources */,
			);
			runOnlyForDeploymentPostprocessing = 0;
		};
		263187E2198F0ECC00D11111 /* Sources */ = {
			isa = PBXSourcesBuildPhase;
			buildActionMask = 2147483647;
			files = (
				263187F4198F0ECC00D11111 /* Adding_GroupsTests.m in Sources */,
			);
			runOnlyForDeploymentPostprocessing = 0;
		};
/* End PBXSourcesBuildPhase section */

/* Begin PBXTargetDependency section */
		263187EC198F0ECC00D11111 /* PBXTargetDependency */ = {
			isa = PBXTargetDependency;
			target = 263187CA198F0ECC00D11111 /* Adding Groups */;
			targetProxy = 263187EB198F0ECC00D11111 /* PBXContainerItemProxy */;
		};
/* End PBXTargetDependency section */

/* Begin PBXVariantGroup section */
		263187D7198F0ECC00D11111 /* InfoPlist.strings */ = {
			isa = PBXVariantGroup;
			children = (
				263187D8198F0ECC00D11111 /* en */,
			);
			name = InfoPlist.strings;
			sourceTree = "<group>";
		};
		263187F0198F0ECC00D11111 /* InfoPlist.strings */ = {
			isa = PBXVariantGroup;
			children = (
				263187F1198F0ECC00D11111 /* en */,
			);
			name = InfoPlist.strings;
			sourceTree = "<group>";
		};
/* End PBXVariantGroup section */

/* Begin XCBuildConfiguration section */
		263187F5198F0ECC00D11111 /* Debug */ = {
			isa = XCBuildConfiguration;
			buildSettings = {
				ALWAYS_SEARCH_USER_PATHS = NO;
				CLANG_CXX_LANGUAGE_STANDARD = "gnu++0x";
				CLANG_CXX_LIBRARY = "libc++";
				CLANG_ENABLE_MODULES = YES;
				CLANG_ENABLE_OBJC_ARC = YES;
				CLANG_WARN_BOOL_CONVERSION = YES;
				CLANG_WARN_CONSTANT_CONVERSION = YES;
				CLANG_WARN_DIRECT_OBJC_ISA_USAGE = YES_ERROR;
				CLANG_WARN_EMPTY_BODY = YES;
				CLANG_WARN_ENUM_CONVERSION = YES;
				CLANG_WARN_INT_CONVERSION = YES;
				CLANG_WARN_OBJC_ROOT_CLASS = YES_ERROR;
				CLANG_WARN__DUPLICATE_METHOD_MATCH = YES;
				"CODE_SIGN_IDENTITY[sdk=iphoneos*]" = "iPhone Developer";
				COPY_PHASE_STRIP = NO;
				GCC_C_LANGUAGE_STANDARD = gnu99;
				GCC_DYNAMIC_NO_PIC = NO;
				GCC_OPTIMIZATION_LEVEL = 0;
				GCC_PREPROCESSOR_DEFINITIONS = (
					"DEBUG=1",
					"$(inherited)",
				);
				GCC_SYMBOLS_PRIVATE_EXTERN = NO;
				GCC_WARN_64_TO_32_BIT_CONVERSION = YES;
				GCC_WARN_ABOUT_RETURN_TYPE = YES_ERROR;
				GCC_WARN_UNDECLARED_SELECTOR = YES;
				GCC_WARN_UNINITIALIZED_AUTOS = YES_AGGRESSIVE;
				GCC_WARN_UNUSED_FUNCTION = YES;
				GCC_WARN_UNUSED_VARIABLE = YES;
				IPHONEOS_DEPLOYMENT_TARGET = 7.1;
				ONLY_ACTIVE_ARCH = YES;
				SDKROOT = iphoneos;
			};
			name = Debug;
		};
		263187F6198F0ECC00D11111 /* Release */ = {
			isa = XCBuildConfiguration;
			buildSettings = {
				ALWAYS_SEARCH_USER_PATHS = NO;
				CLANG_CXX_LANGUAGE_STANDARD = "gnu++0x";
				CLANG_CXX_LIBRARY = "libc++";
				CLANG_ENABLE_MODULES = YES;
				CLANG_ENABLE_OBJC_ARC = YES;
				CLANG_WARN_BOOL_CONVERSION = YES;
				CLANG_WARN_CONSTANT_CONVERSION = YES;
				CLANG_WARN_DIRECT_OBJC_ISA_USAGE = YES_ERROR;
				CLANG_WARN_EMPTY_BODY = YES;
				CLANG_WARN_ENUM_CONVERSION = YES;
				CLANG_WARN_INT_CONVERSION = YES;
				CLANG_WARN_OBJC_ROOT_CLASS = YES_ERROR;
				CLANG_WARN__DUPLICATE_METHOD_MATCH = YES;
				"CODE_SIGN_IDENTITY[sdk=iphoneos*]" = "iPhone Developer";
				COPY_PHASE_STRIP = YES;
				ENABLE_NS_ASSERTIONS = NO;
				GCC_C_LANGUAGE_STANDARD = gnu99;
				GCC_WARN_64_TO_32_BIT_CONVERSION = YES;
				GCC_WARN_ABOUT_RETURN_TYPE = YES_ERROR;
				GCC_WARN_UNDECLARED_SELECTOR = YES;
				GCC_WARN_UNINITIALIZED_AUTOS = YES_AGGRESSIVE;
				GCC_WARN_UNUSED_FUNCTION = YES;
				GCC_WARN_UNUSED_VARIABLE = YES;
				IPHONEOS_DEPLOYMENT_TARGET = 7.1;
				SDKROOT = iphoneos;
				VALIDATE_PRODUCT = YES;
			};
			name = Release;
		};
		263187F8198F0ECC00D11111 /* Debug */ = {
			isa = XCBuildConfiguration;
			buildSettings = {
				ASSETCATALOG_COMPILER_APPICON_NAME = AppIcon;
				ASSETCATALOG_COMPILER_LAUNCHIMAGE_NAME = LaunchImage;
				GCC_PRECOMPILE_PREFIX_HEADER = YES;
				GCC_PREFIX_HEADER = "Adding Groups/Adding Groups-Prefix.pch";
				INFOPLIST_FILE = "Adding Groups/Adding Groups-Info.plist";
				PRODUCT_NAME = "$(TARGET_NAME)";
				WRAPPER_EXTENSION = app;
			};
			name = Debug;
		};
		263187F9198F0ECC00D11111 /* Release */ = {
			isa = XCBuildConfiguration;
			buildSettings = {
				ASSETCATALOG_COMPILER_APPICON_NAME = AppIcon;
				ASSETCATALOG_COMPILER_LAUNCHIMAGE_NAME = LaunchImage;
				GCC_PRECOMPILE_PREFIX_HEADER = YES;
				GCC_PREFIX_HEADER = "Adding Groups/Adding Groups-Prefix.pch";
				INFOPLIST_FILE = "Adding Groups/Adding Groups-Info.plist";
				PRODUCT_NAME = "$(TARGET_NAME)";
				WRAPPER_EXTENSION = app;
			};
			name = Release;
		};
		263187FB198F0ECC00D11111 /* Debug */ = {
			isa = XCBuildConfiguration;
			buildSettings = {
				BUNDLE_LOADER = "$(BUILT_PRODUCTS_DIR)/Adding Groups.app/Adding Groups";
				FRAMEWORK_SEARCH_PATHS = (
					"$(SDKROOT)/Developer/Library/Frameworks",
					"$(inherited)",
					"$(DEVELOPER_FRAMEWORKS_DIR)",
				);
				GCC_PRECOMPILE_PREFIX_HEADER = YES;
				GCC_PREFIX_HEADER = "Adding Groups/Adding Groups-Prefix.pch";
				GCC_PREPROCESSOR_DEFINITIONS = (
					"DEBUG=1",
					"$(inherited)",
				);
				INFOPLIST_FILE = "Adding GroupsTests/Adding GroupsTests-Info.plist";
				PRODUCT_NAME = "$(TARGET_NAME)";
				TEST_HOST = "$(BUNDLE_LOADER)";
				WRAPPER_EXTENSION = xctest;
			};
			name = Debug;
		};
		263187FC198F0ECC00D11111 /* Release */ = {
			isa = XCBuildConfiguration;
			buildSettings = {
				BUNDLE_LOADER = "$(BUILT_PRODUCTS_DIR)/Adding Groups.app/Adding Groups";
				FRAMEWORK_SEARCH_PATHS = (
					"$(SDKROOT)/Developer/Library/Frameworks",
					"$(inherited)",
					"$(DEVELOPER_FRAMEWORKS_DIR)",
				);
				GCC_PRECOMPILE_PREFIX_HEADER = YES;
				GCC_PREFIX_HEADER = "Adding Groups/Adding Groups-Prefix.pch";
				INFOPLIST_FILE = "Adding GroupsTests/Adding GroupsTests-Info.plist";
				PRODUCT_NAME = "$(TARGET_NAME)";
				TEST_HOST = "$(BUNDLE_LOADER)";
				WRAPPER_EXTENSION = xctest;
			};
			name = Release;
		};
/* End XCBuildConfiguration section */

/* Begin XCConfigurationList section */
		263187C6198F0ECC00D11111 /* Build configuration list for PBXProject "Adding Groups" */ = {
			isa = XCConfigurationList;
			buildConfigurations = (
				263187F5198F0ECC00D11111 /* Debug */,
				263187F6198F0ECC00D11111 /* Release */,
			);
			defaultConfigurationIsVisible = 0;
			defaultConfigurationName = Release;
		};
		263187F7198F0ECC00D11111 /* Build configuration list for PBXNativeTarget "Adding Groups" */ = {
			isa = XCConfigurationList;
			buildConfigurations = (
				263187F8198F0ECC00D11111 /* Debug */,
				263187F9198F0ECC00D11111 /* Release */,
			);
			defaultConfigurationIsVisible = 0;
		};
		263187FA198F0ECC00D11111 /* Build configuration list for PBXNativeTarget "Adding GroupsTests" */ = {
			isa = XCConfigurationList;
			buildConfigurations = (
				263187FB198F0ECC00D11111 /* Debug */,
				263187FC198F0ECC00D11111 /* Release */,
			);
			defaultConfigurationIsVisible = 0;
		};
/* End XCConfigurationList section */
	};
	rootObject = 263187C3198F0ECC00D11111 /* Project object */;
}
